
Microsoft Visual Studio Solution File, Format Version 12.00
# Visual Studio Version 16
VisualStudioVersion = 16.0.30011.22
MinimumVisualStudioVersion = 10.0.40219.1
Project("{888888A0-9F3D-457C-B088-3A5042F75D52}") = "Autoencoder-fourier-tensorflow", "Autoencoder-fourier-tensorflow\Autoencoder-fourier-tensorflow.pyproj", "{7AC2534D-EBCD-4CD6-8791-6D53CFF9BA81}"
EndProject
Global
	GlobalSection(SolutionConfigurationPlatforms) = preSolution
		Debug|Any CPU = Debug|Any CPU
		Release|Any CPU = Release|Any CPU
	EndGlobalSection
	GlobalSection(ProjectConfigurationPlatforms) = postSolution
		{7AC2534D-EBCD-4CD6-8791-6D53CFF9BA81}.Debug|Any CPU.ActiveCfg = Debug|Any CPU
		{7AC2534D-EBCD-4CD6-8791-6D53CFF9BA81}.Release|Any CPU.ActiveCfg = Release|Any CPU
	EndGlobalSection
	GlobalSection(SolutionProperties) = preSolution
		HideSolutionNode = FALSE
	EndGlobalSection
	GlobalSection(ExtensibilityGlobals) = postSolution
		SolutionGuid = {BC9136F5-919D-4AB9-89E7-2E69A194220A}
	EndGlobalSection
EndGlobal
